
Microsoft Visual Studio Solution File, Format Version 12.00
# Visual Studio Version 16
VisualStudioVersion = 16.0.29609.76
MinimumVisualStudioVersion = 10.0.40219.1
Project("{FAE04EC0-301F-11D3-BF4B-00C04F79EFBC}") = "Mine.UWP", "Mine\Mine.UWP\Mine.UWP.csproj", "{72912D4B-DD12-4C69-A843-59E0FBA47D03}"
EndProject
Project("{FAE04EC0-301F-11D3-BF4B-00C04F79EFBC}") = "Mine.Android", "Mine\Mine.Android\Mine.Android.csproj", "{6C6555E0-87DA-42DD-9B30-6F6134450569}"
EndProject
Project("{FAE04EC0-301F-11D3-BF4B-00C04F79EFBC}") = "Mine.iOS", "Mine\Mine.iOS\Mine.iOS.csproj", "{864DE6DF-3D73-4876-9268-0CC12EBAAD3A}"
EndProject
Project("{FAE04EC0-301F-11D3-BF4B-00C04F79EFBC}") = "Mine", "Mine\Mine\Mine.csproj", "{222BB397-2262-433F-B67A-CF3D679BDFF0}"
EndProject
Global
	GlobalSection(SolutionConfigurationPlatforms) = preSolution
		Debug|Any CPU = Debug|Any CPU
		Debug|ARM = Debug|ARM
		Debug|iPhone = Debug|iPhone
		Debug|iPhoneSimulator = Debug|iPhoneSimulator
		Debug|x64 = Debug|x64
		Debug|x86 = Debug|x86
		Release|Any CPU = Release|Any CPU
		Release|ARM = Release|ARM
		Release|iPhone = Release|iPhone
		Release|iPhoneSimulator = Release|iPhoneSimulator
		Release|x64 = Release|x64
		Release|x86 = Release|x86
	EndGlobalSection
	GlobalSection(ProjectConfigurationPlatforms) = postSolution
		{72912D4B-DD12-4C69-A843-59E0FBA47D03}.Debug|Any CPU.ActiveCfg = Debug|x86
		{72912D4B-DD12-4C69-A843-59E0FBA47D03}.Debug|Any CPU.Build.0 = Debug|x86
		{72912D4B-DD12-4C69-A843-59E0FBA47D03}.Debug|Any CPU.Deploy.0 = Debug|x86
		{72912D4B-DD12-4C69-A843-59E0FBA47D03}.Debug|ARM.ActiveCfg = Debug|ARM
		{72912D4B-DD12-4C69-A843-59E0FBA47D03}.Debug|ARM.Build.0 = Debug|ARM
		{72912D4B-DD12-4C69-A843-59E0FBA47D03}.Debug|ARM.Deploy.0 = Debug|ARM
		{72912D4B-DD12-4C69-A843-59E0FBA47D03}.Debug|iPhone.ActiveCfg = Debug|x86
		{72912D4B-DD12-4C69-A843-59E0FBA47D03}.Debug|iPhone.Build.0 = Debug|x86
		{72912D4B-DD12-4C69-A843-59E0FBA47D03}.Debug|iPhone.Deploy.0 = Debug|x86
		{72912D4B-DD12-4C69-A843-59E0FBA47D03}.Debug|iPhoneSimulator.ActiveCfg = Debug|x86
		{72912D4B-DD12-4C69-A843-59E0FBA47D03}.Debug|iPhoneSimulator.Build.0 = Debug|x86
		{72912D4B-DD12-4C69-A843-59E0FBA47D03}.Debug|iPhoneSimulator.Deploy.0 = Debug|x86
		{72912D4B-DD12-4C69-A843-59E0FBA47D03}.Debug|x64.ActiveCfg = Debug|x64
		{72912D4B-DD12-4C69-A843-59E0FBA47D03}.Debug|x64.Build.0 = Debug|x64
		{72912D4B-DD12-4C69-A843-59E0FBA47D03}.Debug|x64.Deploy.0 = Debug|x64
		{72912D4B-DD12-4C69-A843-59E0FBA47D03}.Debug|x86.ActiveCfg = Debug|x86
		{72912D4B-DD12-4C69-A843-59E0FBA47D03}.Debug|x86.Build.0 = Debug|x86
		{72912D4B-DD12-4C69-A843-59E0FBA47D03}.Debug|x86.Deploy.0 = Debug|x86
		{72912D4B-DD12-4C69-A843-59E0FBA47D03}.Release|Any CPU.ActiveCfg = Release|x86
		{72912D4B-DD12-4C69-A843-59E0FBA47D03}.Release|Any CPU.Build.0 = Release|x86
		{72912D4B-DD12-4C69-A843-59E0FBA47D03}.Release|Any CPU.Deploy.0 = Release|x86
		{72912D4B-DD12-4C69-A843-59E0FBA47D03}.Release|ARM.ActiveCfg = Release|ARM
		{72912D4B-DD12-4C69-A843-59E0FBA47D03}.Release|ARM.Build.0 = Release|ARM
		{72912D4B-DD12-4C69-A843-59E0FBA47D03}.Release|ARM.Deploy.0 = Release|ARM
		{72912D4B-DD12-4C69-A843-59E0FBA47D03}.Release|iPhone.ActiveCfg = Release|x86
		{72912D4B-DD12-4C69-A843-59E0FBA47D03}.Release|iPhone.Build.0 = Release|x86
		{72912D4B-DD12-4C69-A843-59E0FBA47D03}.Release|iPhone.Deploy.0 = Release|x86
		{72912D4B-DD12-4C69-A843-59E0FBA47D03}.Release|iPhoneSimulator.ActiveCfg = Release|x86
		{72912D4B-DD12-4C69-A843-59E0FBA47D03}.Release|iPhoneSimulator.Build.0 = Release|x86
		{72912D4B-DD12-4C69-A843-59E0FBA47D03}.Release|iPhoneSimulator.Deploy.0 = Release|x86
		{72912D4B-DD12-4C69-A843-59E0FBA47D03}.Release|x64.ActiveCfg = Release|x64
		{72912D4B-DD12-4C69-A843-59E0FBA47D03}.Release|x64.Build.0 = Release|x64
		{72912D4B-DD12-4C69-A843-59E0FBA47D03}.Release|x64.Deploy.0 = Release|x64
		{72912D4B-DD12-4C69-A843-59E0FBA47D03}.Release|x86.ActiveCfg = Release|x86
		{72912D4B-DD12-4C69-A843-59E0FBA47D03}.Release|x86.Build.0 = Release|x86
		{72912D4B-DD12-4C69-A843-59E0FBA47D03}.Release|x86.Deploy.0 = Release|x86
		{6C6555E0-87DA-42DD-9B30-6F6134450569}.Debug|Any CPU.ActiveCfg = Debug|Any CPU
		{6C6555E0-87DA-42DD-9B30-6F6134450569}.Debug|Any CPU.Build.0 = Debug|Any CPU
		{6C6555E0-87DA-42DD-9B30-6F6134450569}.Debug|Any CPU.Deploy.0 = Debug|Any CPU
		{6C6555E0-87DA-42DD-9B30-6F6134450569}.Debug|ARM.ActiveCfg = Debug|Any CPU
		{6C6555E0-87DA-42DD-9B30-6F6134450569}.Debug|ARM.Build.0 = Debug|Any CPU
		{6C6555E0-87DA-42DD-9B30-6F6134450569}.Debug|ARM.Deploy.0 = Debug|Any CPU
		{6C6555E0-87DA-42DD-9B30-6F6134450569}.Debug|iPhone.ActiveCfg = Debug|Any CPU
		{6C6555E0-87DA-42DD-9B30-6F6134450569}.Debug|iPhone.Build.0 = Debug|Any CPU
		{6C6555E0-87DA-42DD-9B30-6F6134450569}.Debug|iPhone.Deploy.0 = Debug|Any CPU
		{6C6555E0-87DA-42DD-9B30-6F6134450569}.Debug|iPhoneSimulator.ActiveCfg = Debug|Any CPU
		{6C6555E0-87DA-42DD-9B30-6F6134450569}.Debug|iPhoneSimulator.Build.0 = Debug|Any CPU
		{6C6555E0-87DA-42DD-9B30-6F6134450569}.Debug|iPhoneSimulator.Deploy.0 = Debug|Any CPU
		{6C6555E0-87DA-42DD-9B30-6F6134450569}.Debug|x64.ActiveCfg = Debug|Any CPU
		{6C6555E0-87DA-42DD-9B30-6F6134450569}.Debug|x64.Build.0 = Debug|Any CPU
		{6C6555E0-87DA-42DD-9B30-6F6134450569}.Debug|x64.Deploy.0 = Debug|Any CPU
		{6C6555E0-87DA-42DD-9B30-6F6134450569}.Debug|x86.ActiveCfg = Debug|Any CPU
		{6C6555E0-87DA-42DD-9B30-6F6134450569}.Debug|x86.Build.0 = Debug|Any CPU
		{6C6555E0-87DA-42DD-9B30-6F6134450569}.Debug|x86.Deploy.0 = Debug|Any CPU
		{6C6555E0-87DA-42DD-9B30-6F6134450569}.Release|Any CPU.ActiveCfg = Release|Any CPU
		{6C6555E0-87DA-42DD-9B30-6F6134450569}.Release|Any CPU.Build.0 = Release|Any CPU
		{6C6555E0-87DA-42DD-9B30-6F6134450569}.Release|Any CPU.Deploy.0 = Release|Any CPU
		{6C6555E0-87DA-42DD-9B30-6F6134450569}.Release|ARM.ActiveCfg = Release|Any CPU
		{6C6555E0-87DA-42DD-9B30-6F6134450569}.Release|ARM.Build.0 = Release|Any CPU
		{6C6555E0-87DA-42DD-9B30-6F6134450569}.Release|ARM.Deploy.0 = Release|Any CPU
		{6C6555E0-87DA-42DD-9B30-6F6134450569}.Release|iPhone.ActiveCfg = Release|Any CPU
		{6C6555E0-87DA-42DD-9B30-6F6134450569}.Release|iPhone.Build.0 = Release|Any CPU
		{6C6555E0-87DA-42DD-9B30-6F6134450569}.Release|iPhone.Deploy.0 = Release|Any CPU
		{6C6555E0-87DA-42DD-9B30-6F6134450569}.Release|iPhoneSimulator.ActiveCfg = Release|Any CPU
		{6C6555E0-87DA-42DD-9B30-6F6134450569}.Release|iPhoneSimulator.Build.0 = Release|Any CPU
		{6C6555E0-87DA-42DD-9B30-6F6134450569}.Release|iPhoneSimulator.Deploy.0 = Release|Any CPU
		{6C6555E0-87DA-42DD-9B30-6F6134450569}.Release|x64.ActiveCfg = Release|Any CPU
		{6C6555E0-87DA-42DD-9B30-6F6134450569}.Release|x64.Build.0 = Release|Any CPU
		{6C6555E0-87DA-42DD-9B30-6F6134450569}.Release|x64.Deploy.0 = Release|Any CPU
		{6C6555E0-87DA-42DD-9B30-6F6134450569}.Release|x86.ActiveCfg = Release|Any CPU
		{6C6555E0-87DA-42DD-9B30-6F6134450569}.Release|x86.Build.0 = Release|Any CPU
		{6C6555E0-87DA-42DD-9B30-6F6134450569}.Release|x86.Deploy.0 = Release|Any CPU
		{864DE6DF-3D73-4876-9268-0CC12EBAAD3A}.Debug|Any CPU.ActiveCfg = Debug|iPhone
		{864DE6DF-3D73-4876-9268-0CC12EBAAD3A}.Debug|Any CPU.Build.0 = Debug|iPhone
		{864DE6DF-3D73-4876-9268-0CC12EBAAD3A}.Debug|Any CPU.Deploy.0 = Debug|iPhone
		{864DE6DF-3D73-4876-9268-0CC12EBAAD3A}.Debug|ARM.ActiveCfg = Debug|iPhoneSimulator
		{864DE6DF-3D73-4876-9268-0CC12EBAAD3A}.Debug|ARM.Build.0 = Debug|iPhoneSimulator
		{864DE6DF-3D73-4876-9268-0CC12EBAAD3A}.Debug|ARM.Deploy.0 = Debug|iPhoneSimulator
		{864DE6DF-3D73-4876-9268-0CC12EBAAD3A}.Debug|iPhone.ActiveCfg = Debug|iPhone
		{864DE6DF-3D73-4876-9268-0CC12EBAAD3A}.Debug|iPhone.Build.0 = Debug|iPhone
		{864DE6DF-3D73-4876-9268-0CC12EBAAD3A}.Debug|iPhone.Deploy.0 = Debug|iPhone
		{864DE6DF-3D73-4876-9268-0CC12EBAAD3A}.Debug|iPhoneSimulator.ActiveCfg = Debug|iPhoneSimulator
		{864DE6DF-3D73-4876-9268-0CC12EBAAD3A}.Debug|iPhoneSimulator.Build.0 = Debug|iPhoneSimulator
		{864DE6DF-3D73-4876-9268-0CC12EBAAD3A}.Debug|iPhoneSimulator.Deploy.0 = Debug|iPhoneSimulator
		{864DE6DF-3D73-4876-9268-0CC12EBAAD3A}.Debug|x64.ActiveCfg = Debug|iPhone
		{864DE6DF-3D73-4876-9268-0CC12EBAAD3A}.Debug|x64.Build.0 = Debug|iPhone
		{864DE6DF-3D73-4876-9268-0CC12EBAAD3A}.Debug|x64.Deploy.0 = Debug|iPhone
		{864DE6DF-3D73-4876-9268-0CC12EBAAD3A}.Debug|x86.ActiveCfg = Debug|iPhone
		{864DE6DF-3D73-4876-9268-0CC12EBAAD3A}.Debug|x86.Build.0 = Debug|iPhone
		{864DE6DF-3D73-4876-9268-0CC12EBAAD3A}.Debug|x86.Deploy.0 = Debug|iPhone
		{864DE6DF-3D73-4876-9268-0CC12EBAAD3A}.Release|Any CPU.ActiveCfg = Release|iPhone
		{864DE6DF-3D73-4876-9268-0CC12EBAAD3A}.Release|Any CPU.Build.0 = Release|iPhone
		{864DE6DF-3D73-4876-9268-0CC12EBAAD3A}.Release|Any CPU.Deploy.0 = Release|iPhone
		{864DE6DF-3D73-4876-9268-0CC12EBAAD3A}.Release|ARM.ActiveCfg = Release|iPhone
		{864DE6DF-3D73-4876-9268-0CC12EBAAD3A}.Release|ARM.Build.0 = Release|iPhone
		{864DE6DF-3D73-4876-9268-0CC12EBAAD3A}.Release|ARM.Deploy.0 = Release|iPhone
		{864DE6DF-3D73-4876-9268-0CC12EBAAD3A}.Release|iPhone.ActiveCfg = Release|iPhone
		{864DE6DF-3D73-4876-9268-0CC12EBAAD3A}.Release|iPhone.Build.0 = Release|iPhone
		{864DE6DF-3D73-4876-9268-0CC12EBAAD3A}.Release|iPhone.Deploy.0 = Release|iPhone
		{864DE6DF-3D73-4876-9268-0CC12EBAAD3A}.Release|iPhoneSimulator.ActiveCfg = Release|iPhoneSimulator
		{864DE6DF-3D73-4876-9268-0CC12EBAAD3A}.Release|iPhoneSimulator.Build.0 = Release|iPhoneSimulator
		{864DE6DF-3D73-4876-9268-0CC12EBAAD3A}.Release|iPhoneSimulator.Deploy.0 = Release|iPhoneSimulator
		{864DE6DF-3D73-4876-9268-0CC12EBAAD3A}.Release|x64.ActiveCfg = Release|iPhone
		{864DE6DF-3D73-4876-9268-0CC12EBAAD3A}.Release|x64.Build.0 = Release|iPhone
		{864DE6DF-3D73-4876-9268-0CC12EBAAD3A}.Release|x64.Deploy.0 = Release|iPhone
		{864DE6DF-3D73-4876-9268-0CC12EBAAD3A}.Release|x86.ActiveCfg = Release|iPhone
		{864DE6DF-3D73-4876-9268-0CC12EBAAD3A}.Release|x86.Build.0 = Release|iPhone
		{864DE6DF-3D73-4876-9268-0CC12EBAAD3A}.Release|x86.Deploy.0 = Release|iPhone
		{222BB397-2262-433F-B67A-CF3D679BDFF0}.Debug|Any CPU.ActiveCfg = Debug|Any CPU
		{222BB397-2262-433F-B67A-CF3D679BDFF0}.Debug|Any CPU.Build.0 = Debug|Any CPU
		{222BB397-2262-433F-B67A-CF3D679BDFF0}.Debug|Any CPU.Deploy.0 = Debug|Any CPU
		{222BB397-2262-433F-B67A-CF3D679BDFF0}.Debug|ARM.ActiveCfg = Debug|Any CPU
		{222BB397-2262-433F-B67A-CF3D679BDFF0}.Debug|ARM.Build.0 = Debug|Any CPU
		{222BB397-2262-433F-B67A-CF3D679BDFF0}.Debug|ARM.Deploy.0 = Debug|Any CPU
		{222BB397-2262-433F-B67A-CF3D679BDFF0}.Debug|iPhone.ActiveCfg = Debug|Any CPU
		{222BB397-2262-433F-B67A-CF3D679BDFF0}.Debug|iPhone.Build.0 = Debug|Any CPU
		{222BB397-2262-433F-B67A-CF3D679BDFF0}.Debug|iPhone.Deploy.0 = Debug|Any CPU
		{222BB397-2262-433F-B67A-CF3D679BDFF0}.Debug|iPhoneSimulator.ActiveCfg = Debug|Any CPU
		{222BB397-2262-433F-B67A-CF3D679BDFF0}.Debug|iPhoneSimulator.Build.0 = Debug|Any CPU
		{222BB397-2262-433F-B67A-CF3D679BDFF0}.Debug|iPhoneSimulator.Deploy.0 = Debug|Any CPU
		{222BB397-2262-433F-B67A-CF3D679BDFF0}.Debug|x64.ActiveCfg = Debug|Any CPU
		{222BB397-2262-433F-B67A-CF3D679BDFF0}.Debug|x64.Build.0 = Debug|Any CPU
		{222BB397-2262-433F-B67A-CF3D679BDFF0}.Debug|x64.Deploy.0 = Debug|Any CPU
		{222BB397-2262-433F-B67A-CF3D679BDFF0}.Debug|x86.ActiveCfg = Debug|Any CPU
		{222BB397-2262-433F-B67A-CF3D679BDFF0}.Debug|x86.Build.0 = Debug|Any CPU
		{222BB397-2262-433F-B67A-CF3D679BDFF0}.Debug|x86.Deploy.0 = Debug|Any CPU
		{222BB397-2262-433F-B67A-CF3D679BDFF0}.Release|Any CPU.ActiveCfg = Release|Any CPU
		{222BB397-2262-433F-B67A-CF3D679BDFF0}.Release|Any CPU.Build.0 = Release|Any CPU
		{222BB397-2262-433F-B67A-CF3D679BDFF0}.Release|Any CPU.Deploy.0 = Release|Any CPU
		{222BB397-2262-433F-B67A-CF3D679BDFF0}.Release|ARM.ActiveCfg = Release|Any CPU
		{222BB397-2262-433F-B67A-CF3D679BDFF0}.Release|ARM.Build.0 = Release|Any CPU
		{222BB397-2262-433F-B67A-CF3D679BDFF0}.Release|ARM.Deploy.0 = Release|Any CPU
		{222BB397-2262-433F-B67A-CF3D679BDFF0}.Release|iPhone.ActiveCfg = Release|Any CPU
		{222BB397-2262-433F-B67A-CF3D679BDFF0}.Release|iPhone.Build.0 = Release|Any CPU
		{222BB397-2262-433F-B67A-CF3D679BDFF0}.Release|iPhone.Deploy.0 = Release|Any CPU
		{222BB397-2262-433F-B67A-CF3D679BDFF0}.Release|iPhoneSimulator.ActiveCfg = Release|Any CPU
		{222BB397-2262-433F-B67A-CF3D679BDFF0}.Release|iPhoneSimulator.Build.0 = Release|Any CPU
		{222BB397-2262-433F-B67A-CF3D679BDFF0}.Release|iPhoneSimulator.Deploy.0 = Release|Any CPU
		{222BB397-2262-433F-B67A-CF3D679BDFF0}.Release|x64.ActiveCfg = Release|Any CPU
		{222BB397-2262-433F-B67A-CF3D679BDFF0}.Release|x64.Build.0 = Release|Any CPU
		{222BB397-2262-433F-B67A-CF3D679BDFF0}.Release|x64.Deploy.0 = Release|Any CPU
		{222BB397-2262-433F-B67A-CF3D679BDFF0}.Release|x86.ActiveCfg = Release|Any CPU
		{222BB397-2262-433F-B67A-CF3D679BDFF0}.Release|x86.Build.0 = Release|Any CPU
		{222BB397-2262-433F-B67A-CF3D679BDFF0}.Release|x86.Deploy.0 = Release|Any CPU
	EndGlobalSection
	GlobalSection(SolutionProperties) = preSolution
		HideSolutionNode = FALSE
	EndGlobalSection
	GlobalSection(ExtensibilityGlobals) = postSolution
		SolutionGuid = {C3962A46-FCFC-42FA-9384-F438709E3194}
	EndGlobalSection
EndGlobal
